
Microsoft Visual Studio Solution File, Format Version 12.00
# Visual Studio Version 16
VisualStudioVersion = 16.0.28803.352
MinimumVisualStudioVersion = 10.0.40219.1
Project("{FAE04EC0-301F-11D3-BF4B-00C04F79EFBC}") = "3DTools", "3DTools\3DTools.csproj", "{5F603892-DE40-4246-A969-1C6717AFE35D}"
EndProject
Project("{FAE04EC0-301F-11D3-BF4B-00C04F79EFBC}") = "Cabinet_Maker_NanoCad", "Cabinet_Maker_NanoCad\Cabinet_Maker_NanoCad.csproj", "{069469EE-9EF0-4D30-8A15-0566C157E5A0}"
EndProject
Project("{9A19103F-16F7-4668-BE54-9A1E7A4F7556}") = "WPF3", "WPF3\WPF3.csproj", "{073EB171-EA42-47DA-AC7B-764F154AF00E}"
EndProject
Project("{9A19103F-16F7-4668-BE54-9A1E7A4F7556}") = "CoreS", "CoreS\CoreS.csproj", "{3A92AB4B-7295-4520-A857-DA4C4FFC4DD0}"
EndProject
Project("{9A19103F-16F7-4668-BE54-9A1E7A4F7556}") = "XUnitTestCore", "XUnitTestCore\XUnitTestCore.csproj", "{4475D13F-FC48-4B40-BE1B-6DE813696C51}"
EndProject
Project("{9A19103F-16F7-4668-BE54-9A1E7A4F7556}") = "Config", "Config\Config.csproj", "{60CD2095-1864-4EE9-88B9-C5420329635F}"
EndProject
Project("{930C7802-8A8C-48F9-8165-68863BCCD9DD}") = "SetupProject", "SetupProject\SetupProject.wixproj", "{F9AF73E3-B103-4AC2-B4C0-82157DBE6A76}"
EndProject
Project("{930C7802-8A8C-48F9-8165-68863BCCD9DD}") = "Bootstrapper", "Bootstrapper\Bootstrapper.wixproj", "{57A3D4EA-8473-4663-8E80-6692A9BC1C46}"
EndProject
Global
	GlobalSection(SolutionConfigurationPlatforms) = preSolution
		Debug|Any CPU = Debug|Any CPU
		Debug|x86 = Debug|x86
		Release|Any CPU = Release|Any CPU
		Release|x86 = Release|x86
	EndGlobalSection
	GlobalSection(ProjectConfigurationPlatforms) = postSolution
		{5F603892-DE40-4246-A969-1C6717AFE35D}.Debug|Any CPU.ActiveCfg = Debug|Any CPU
		{5F603892-DE40-4246-A969-1C6717AFE35D}.Debug|Any CPU.Build.0 = Debug|Any CPU
		{5F603892-DE40-4246-A969-1C6717AFE35D}.Debug|x86.ActiveCfg = Debug|Any CPU
		{5F603892-DE40-4246-A969-1C6717AFE35D}.Debug|x86.Build.0 = Debug|Any CPU
		{5F603892-DE40-4246-A969-1C6717AFE35D}.Release|Any CPU.ActiveCfg = Release|Any CPU
		{5F603892-DE40-4246-A969-1C6717AFE35D}.Release|Any CPU.Build.0 = Release|Any CPU
		{5F603892-DE40-4246-A969-1C6717AFE35D}.Release|x86.ActiveCfg = Release|Any CPU
		{5F603892-DE40-4246-A969-1C6717AFE35D}.Release|x86.Build.0 = Release|Any CPU
		{069469EE-9EF0-4D30-8A15-0566C157E5A0}.Debug|Any CPU.ActiveCfg = Debug|Any CPU
		{069469EE-9EF0-4D30-8A15-0566C157E5A0}.Debug|Any CPU.Build.0 = Debug|Any CPU
		{069469EE-9EF0-4D30-8A15-0566C157E5A0}.Debug|x86.ActiveCfg = Debug|Any CPU
		{069469EE-9EF0-4D30-8A15-0566C157E5A0}.Debug|x86.Build.0 = Debug|Any CPU
		{069469EE-9EF0-4D30-8A15-0566C157E5A0}.Release|Any CPU.ActiveCfg = Release|Any CPU
		{069469EE-9EF0-4D30-8A15-0566C157E5A0}.Release|Any CPU.Build.0 = Release|Any CPU
		{069469EE-9EF0-4D30-8A15-0566C157E5A0}.Release|x86.ActiveCfg = Release|Any CPU
		{069469EE-9EF0-4D30-8A15-0566C157E5A0}.Release|x86.Build.0 = Release|Any CPU
		{073EB171-EA42-47DA-AC7B-764F154AF00E}.Debug|Any CPU.ActiveCfg = Debug|Any CPU
		{073EB171-EA42-47DA-AC7B-764F154AF00E}.Debug|Any CPU.Build.0 = Debug|Any CPU
		{073EB171-EA42-47DA-AC7B-764F154AF00E}.Debug|x86.ActiveCfg = Debug|Any CPU
		{073EB171-EA42-47DA-AC7B-764F154AF00E}.Debug|x86.Build.0 = Debug|Any CPU
		{073EB171-EA42-47DA-AC7B-764F154AF00E}.Release|Any CPU.ActiveCfg = Release|Any CPU
		{073EB171-EA42-47DA-AC7B-764F154AF00E}.Release|Any CPU.Build.0 = Release|Any CPU
		{073EB171-EA42-47DA-AC7B-764F154AF00E}.Release|x86.ActiveCfg = Release|Any CPU
		{073EB171-EA42-47DA-AC7B-764F154AF00E}.Release|x86.Build.0 = Release|Any CPU
		{3A92AB4B-7295-4520-A857-DA4C4FFC4DD0}.Debug|Any CPU.ActiveCfg = Debug|Any CPU
		{3A92AB4B-7295-4520-A857-DA4C4FFC4DD0}.Debug|Any CPU.Build.0 = Debug|Any CPU
		{3A92AB4B-7295-4520-A857-DA4C4FFC4DD0}.Debug|x86.ActiveCfg = Debug|Any CPU
		{3A92AB4B-7295-4520-A857-DA4C4FFC4DD0}.Debug|x86.Build.0 = Debug|Any CPU
		{3A92AB4B-7295-4520-A857-DA4C4FFC4DD0}.Release|Any CPU.ActiveCfg = Release|Any CPU
		{3A92AB4B-7295-4520-A857-DA4C4FFC4DD0}.Release|Any CPU.Build.0 = Release|Any CPU
		{3A92AB4B-7295-4520-A857-DA4C4FFC4DD0}.Release|x86.ActiveCfg = Release|Any CPU
		{3A92AB4B-7295-4520-A857-DA4C4FFC4DD0}.Release|x86.Build.0 = Release|Any CPU
		{4475D13F-FC48-4B40-BE1B-6DE813696C51}.Debug|Any CPU.ActiveCfg = Debug|Any CPU
		{4475D13F-FC48-4B40-BE1B-6DE813696C51}.Debug|Any CPU.Build.0 = Debug|Any CPU
		{4475D13F-FC48-4B40-BE1B-6DE813696C51}.Debug|x86.ActiveCfg = Debug|Any CPU
		{4475D13F-FC48-4B40-BE1B-6DE813696C51}.Debug|x86.Build.0 = Debug|Any CPU
		{4475D13F-FC48-4B40-BE1B-6DE813696C51}.Release|Any CPU.ActiveCfg = Release|Any CPU
		{4475D13F-FC48-4B40-BE1B-6DE813696C51}.Release|Any CPU.Build.0 = Release|Any CPU
		{4475D13F-FC48-4B40-BE1B-6DE813696C51}.Release|x86.ActiveCfg = Release|Any CPU
		{4475D13F-FC48-4B40-BE1B-6DE813696C51}.Release|x86.Build.0 = Release|Any CPU
		{60CD2095-1864-4EE9-88B9-C5420329635F}.Debug|Any CPU.ActiveCfg = Debug|Any CPU
		{60CD2095-1864-4EE9-88B9-C5420329635F}.Debug|Any CPU.Build.0 = Debug|Any CPU
		{60CD2095-1864-4EE9-88B9-C5420329635F}.Debug|x86.ActiveCfg = Debug|Any CPU
		{60CD2095-1864-4EE9-88B9-C5420329635F}.Debug|x86.Build.0 = Debug|Any CPU
		{60CD2095-1864-4EE9-88B9-C5420329635F}.Release|Any CPU.ActiveCfg = Release|Any CPU
		{60CD2095-1864-4EE9-88B9-C5420329635F}.Release|Any CPU.Build.0 = Release|Any CPU
		{60CD2095-1864-4EE9-88B9-C5420329635F}.Release|x86.ActiveCfg = Release|Any CPU
		{60CD2095-1864-4EE9-88B9-C5420329635F}.Release|x86.Build.0 = Release|Any CPU
		{F9AF73E3-B103-4AC2-B4C0-82157DBE6A76}.Debug|Any CPU.ActiveCfg = Debug|x86
		{F9AF73E3-B103-4AC2-B4C0-82157DBE6A76}.Debug|x86.ActiveCfg = Debug|x86
		{F9AF73E3-B103-4AC2-B4C0-82157DBE6A76}.Debug|x86.Build.0 = Debug|x86
		{F9AF73E3-B103-4AC2-B4C0-82157DBE6A76}.Release|Any CPU.ActiveCfg = Release|x86
		{F9AF73E3-B103-4AC2-B4C0-82157DBE6A76}.Release|x86.ActiveCfg = Release|x86
		{F9AF73E3-B103-4AC2-B4C0-82157DBE6A76}.Release|x86.Build.0 = Release|x86
		{57A3D4EA-8473-4663-8E80-6692A9BC1C46}.Debug|Any CPU.ActiveCfg = Debug|x86
		{57A3D4EA-8473-4663-8E80-6692A9BC1C46}.Debug|x86.ActiveCfg = Debug|x86
		{57A3D4EA-8473-4663-8E80-6692A9BC1C46}.Debug|x86.Build.0 = Debug|x86
		{57A3D4EA-8473-4663-8E80-6692A9BC1C46}.Release|Any CPU.ActiveCfg = Release|x86
		{57A3D4EA-8473-4663-8E80-6692A9BC1C46}.Release|x86.ActiveCfg = Release|x86
		{57A3D4EA-8473-4663-8E80-6692A9BC1C46}.Release|x86.Build.0 = Release|x86
	EndGlobalSection
	GlobalSection(SolutionProperties) = preSolution
		HideSolutionNode = FALSE
	EndGlobalSection
	GlobalSection(ExtensibilityGlobals) = postSolution
		RESX_ConfirmAddLanguageFile = True
		RESX_AutoCreateNewLanguageFiles = True
		RESX_NeutralResourcesLanguage = pl-PL
		SolutionGuid = {724DFE55-8436-40BE-BB6B-497EDFED15A1}
	EndGlobalSection
EndGlobal
